
Microsoft Visual Studio Solution File, Format Version 12.00
# Visual Studio Version 17
VisualStudioVersion = 17.9.34622.214
MinimumVisualStudioVersion = 10.0.40219.1
Project("{9A19103F-16F7-4668-BE54-9A1E7A4F7556}") = "GamerScore", "GamerScore\GamerScore.csproj", "{981B6E66-7864-4CA9-A654-E55684C12201}"
EndProject
Project("{9A19103F-16F7-4668-BE54-9A1E7A4F7556}") = "Gamerscore.Core", "Gamerscore.Core\Gamerscore.Core.csproj", "{5877EDFF-B2BA-400E-8838-5094228EADB2}"
EndProject
Project("{9A19103F-16F7-4668-BE54-9A1E7A4F7556}") = "GamerScore.DAL", "GamerScore.DAL\GamerScore.DAL.csproj", "{496D29C8-66AA-4B47-853C-DE374B4075D8}"
EndProject
Project("{FAE04EC0-301F-11D3-BF4B-00C04F79EFBC}") = "GamerScore.DTO", "GamerScore.DTO\GamerScore.DTO.csproj", "{23CF944F-B6DB-456F-BAE2-51C15190E967}"
EndProject
Global
	GlobalSection(SolutionConfigurationPlatforms) = preSolution
		Debug|Any CPU = Debug|Any CPU
		Release|Any CPU = Release|Any CPU
	EndGlobalSection
	GlobalSection(ProjectConfigurationPlatforms) = postSolution
		{981B6E66-7864-4CA9-A654-E55684C12201}.Debug|Any CPU.ActiveCfg = Debug|Any CPU
		{981B6E66-7864-4CA9-A654-E55684C12201}.Debug|Any CPU.Build.0 = Debug|Any CPU
		{981B6E66-7864-4CA9-A654-E55684C12201}.Release|Any CPU.ActiveCfg = Release|Any CPU
		{981B6E66-7864-4CA9-A654-E55684C12201}.Release|Any CPU.Build.0 = Release|Any CPU
		{5877EDFF-B2BA-400E-8838-5094228EADB2}.Debug|Any CPU.ActiveCfg = Debug|Any CPU
		{5877EDFF-B2BA-400E-8838-5094228EADB2}.Debug|Any CPU.Build.0 = Debug|Any CPU
		{5877EDFF-B2BA-400E-8838-5094228EADB2}.Release|Any CPU.ActiveCfg = Release|Any CPU
		{5877EDFF-B2BA-400E-8838-5094228EADB2}.Release|Any CPU.Build.0 = Release|Any CPU
		{496D29C8-66AA-4B47-853C-DE374B4075D8}.Debug|Any CPU.ActiveCfg = Debug|Any CPU
		{496D29C8-66AA-4B47-853C-DE374B4075D8}.Debug|Any CPU.Build.0 = Debug|Any CPU
		{496D29C8-66AA-4B47-853C-DE374B4075D8}.Release|Any CPU.ActiveCfg = Release|Any CPU
		{496D29C8-66AA-4B47-853C-DE374B4075D8}.Release|Any CPU.Build.0 = Release|Any CPU
		{23CF944F-B6DB-456F-BAE2-51C15190E967}.Debug|Any CPU.ActiveCfg = Debug|Any CPU
		{23CF944F-B6DB-456F-BAE2-51C15190E967}.Debug|Any CPU.Build.0 = Debug|Any CPU
		{23CF944F-B6DB-456F-BAE2-51C15190E967}.Release|Any CPU.ActiveCfg = Release|Any CPU
		{23CF944F-B6DB-456F-BAE2-51C15190E967}.Release|Any CPU.Build.0 = Release|Any CPU
	EndGlobalSection
	GlobalSection(SolutionProperties) = preSolution
		HideSolutionNode = FALSE
	EndGlobalSection
	GlobalSection(ExtensibilityGlobals) = postSolution
		SolutionGuid = {855E0326-8D58-4177-AD0A-CF2D96F08C91}
	EndGlobalSection
EndGlobal
